
Microsoft Visual Studio Solution File, Format Version 12.00
# Visual Studio 15
VisualStudioVersion = 15.0.27428.2037
MinimumVisualStudioVersion = 10.0.40219.1
Project("{FAE04EC0-301F-11D3-BF4B-00C04F79EFBC}") = "ArgsTEST", "ArgsTEST\ArgsTEST.csproj", "{CE183F13-730C-45D5-A055-7B5E5B9D6877}"
EndProject
Global
	GlobalSection(SolutionConfigurationPlatforms) = preSolution
		Debug|Any CPU = Debug|Any CPU
		Release|Any CPU = Release|Any CPU
	EndGlobalSection
	GlobalSection(ProjectConfigurationPlatforms) = postSolution
		{CE183F13-730C-45D5-A055-7B5E5B9D6877}.Debug|Any CPU.ActiveCfg = Debug|Any CPU
		{CE183F13-730C-45D5-A055-7B5E5B9D6877}.Debug|Any CPU.Build.0 = Debug|Any CPU
		{CE183F13-730C-45D5-A055-7B5E5B9D6877}.Release|Any CPU.ActiveCfg = Release|Any CPU
		{CE183F13-730C-45D5-A055-7B5E5B9D6877}.Release|Any CPU.Build.0 = Release|Any CPU
	EndGlobalSection
	GlobalSection(SolutionProperties) = preSolution
		HideSolutionNode = FALSE
	EndGlobalSection
	GlobalSection(ExtensibilityGlobals) = postSolution
		SolutionGuid = {E8AA0895-913B-4F4D-9A63-F606AD8D4F09}
	EndGlobalSection
EndGlobal
