
Microsoft Visual Studio Solution File, Format Version 12.00
# Visual Studio 15
VisualStudioVersion = 15.0.28307.421
MinimumVisualStudioVersion = 10.0.40219.1
Project("{FAE04EC0-301F-11D3-BF4B-00C04F79EFBC}") = "FileParseTest", "FileParseTest\FileParseTest.csproj", "{809375A6-EBA6-4624-A4C7-A8584BF1E464}"
EndProject
Global
	GlobalSection(SolutionConfigurationPlatforms) = preSolution
		Debug|Any CPU = Debug|Any CPU
		Release|Any CPU = Release|Any CPU
	EndGlobalSection
	GlobalSection(ProjectConfigurationPlatforms) = postSolution
		{809375A6-EBA6-4624-A4C7-A8584BF1E464}.Debug|Any CPU.ActiveCfg = Debug|Any CPU
		{809375A6-EBA6-4624-A4C7-A8584BF1E464}.Debug|Any CPU.Build.0 = Debug|Any CPU
		{809375A6-EBA6-4624-A4C7-A8584BF1E464}.Release|Any CPU.ActiveCfg = Release|Any CPU
		{809375A6-EBA6-4624-A4C7-A8584BF1E464}.Release|Any CPU.Build.0 = Release|Any CPU
	EndGlobalSection
	GlobalSection(SolutionProperties) = preSolution
		HideSolutionNode = FALSE
	EndGlobalSection
	GlobalSection(ExtensibilityGlobals) = postSolution
		SolutionGuid = {B12CA5D1-DB0A-49B9-B3E9-5267785710D4}
	EndGlobalSection
EndGlobal
