
Microsoft Visual Studio Solution File, Format Version 12.00
# Visual Studio 15
VisualStudioVersion = 15.0.27428.2037
MinimumVisualStudioVersion = 10.0.40219.1
Project("{FAE04EC0-301F-11D3-BF4B-00C04F79EFBC}") = "CodeYoga", "CodeYoga.csproj", "{A2A95408-04C3-41A3-8CA7-4CB18ACFEAB6}"
EndProject
Global
	GlobalSection(SolutionConfigurationPlatforms) = preSolution
		Debug|Any CPU = Debug|Any CPU
		Release|Any CPU = Release|Any CPU
	EndGlobalSection
	GlobalSection(ProjectConfigurationPlatforms) = postSolution
		{A2A95408-04C3-41A3-8CA7-4CB18ACFEAB6}.Debug|Any CPU.ActiveCfg = Debug|Any CPU
		{A2A95408-04C3-41A3-8CA7-4CB18ACFEAB6}.Debug|Any CPU.Build.0 = Debug|Any CPU
		{A2A95408-04C3-41A3-8CA7-4CB18ACFEAB6}.Release|Any CPU.ActiveCfg = Release|Any CPU
		{A2A95408-04C3-41A3-8CA7-4CB18ACFEAB6}.Release|Any CPU.Build.0 = Release|Any CPU
	EndGlobalSection
	GlobalSection(SolutionProperties) = preSolution
		HideSolutionNode = FALSE
	EndGlobalSection
	GlobalSection(ExtensibilityGlobals) = postSolution
		SolutionGuid = {69950742-A86E-4BFE-9D3B-7C7DD686A927}
	EndGlobalSection
EndGlobal
