
Microsoft Visual Studio Solution File, Format Version 12.00
# Visual Studio 15
VisualStudioVersion = 15.0.27428.2037
MinimumVisualStudioVersion = 10.0.40219.1
Project("{FAE04EC0-301F-11D3-BF4B-00C04F79EFBC}") = "CodeYoga2", "CodeYoga2\CodeYoga2.csproj", "{6834E713-08B6-4CF1-A8CD-E69B9C7023F5}"
EndProject
Global
	GlobalSection(SolutionConfigurationPlatforms) = preSolution
		Debug|Any CPU = Debug|Any CPU
		Release|Any CPU = Release|Any CPU
	EndGlobalSection
	GlobalSection(ProjectConfigurationPlatforms) = postSolution
		{6834E713-08B6-4CF1-A8CD-E69B9C7023F5}.Debug|Any CPU.ActiveCfg = Debug|Any CPU
		{6834E713-08B6-4CF1-A8CD-E69B9C7023F5}.Debug|Any CPU.Build.0 = Debug|Any CPU
		{6834E713-08B6-4CF1-A8CD-E69B9C7023F5}.Release|Any CPU.ActiveCfg = Release|Any CPU
		{6834E713-08B6-4CF1-A8CD-E69B9C7023F5}.Release|Any CPU.Build.0 = Release|Any CPU
	EndGlobalSection
	GlobalSection(SolutionProperties) = preSolution
		HideSolutionNode = FALSE
	EndGlobalSection
	GlobalSection(ExtensibilityGlobals) = postSolution
		SolutionGuid = {2E6EEC89-2AF3-4A68-BB24-401570C57E95}
	EndGlobalSection
EndGlobal
