
Microsoft Visual Studio Solution File, Format Version 12.00
# Visual Studio 15
VisualStudioVersion = 15.0.27130.2020
MinimumVisualStudioVersion = 10.0.40219.1
Project("{FAE04EC0-301F-11D3-BF4B-00C04F79EFBC}") = "OpenLogOnCC", "OpenLogOnCC\OpenLogOnCC.csproj", "{ADB1C45D-591C-4D67-A79A-6F514646715F}"
EndProject
Project("{FAE04EC0-301F-11D3-BF4B-00C04F79EFBC}") = "Utility", "..\..\..\HelperUtility\Utility\Utility.csproj", "{DD3EE0BF-8B73-4FB7-88E3-AE77EEC52EEF}"
EndProject
Global
	GlobalSection(SolutionConfigurationPlatforms) = preSolution
		Debug|Any CPU = Debug|Any CPU
		Release|Any CPU = Release|Any CPU
	EndGlobalSection
	GlobalSection(ProjectConfigurationPlatforms) = postSolution
		{ADB1C45D-591C-4D67-A79A-6F514646715F}.Debug|Any CPU.ActiveCfg = Debug|Any CPU
		{ADB1C45D-591C-4D67-A79A-6F514646715F}.Debug|Any CPU.Build.0 = Debug|Any CPU
		{ADB1C45D-591C-4D67-A79A-6F514646715F}.Release|Any CPU.ActiveCfg = Release|Any CPU
		{ADB1C45D-591C-4D67-A79A-6F514646715F}.Release|Any CPU.Build.0 = Release|Any CPU
		{DD3EE0BF-8B73-4FB7-88E3-AE77EEC52EEF}.Debug|Any CPU.ActiveCfg = Debug|Any CPU
		{DD3EE0BF-8B73-4FB7-88E3-AE77EEC52EEF}.Debug|Any CPU.Build.0 = Debug|Any CPU
		{DD3EE0BF-8B73-4FB7-88E3-AE77EEC52EEF}.Release|Any CPU.ActiveCfg = Release|Any CPU
		{DD3EE0BF-8B73-4FB7-88E3-AE77EEC52EEF}.Release|Any CPU.Build.0 = Release|Any CPU
	EndGlobalSection
	GlobalSection(SolutionProperties) = preSolution
		HideSolutionNode = FALSE
	EndGlobalSection
	GlobalSection(ExtensibilityGlobals) = postSolution
		SolutionGuid = {0F95ECC2-575C-4A66-97F1-B48B81E3C4DF}
	EndGlobalSection
EndGlobal
