
Microsoft Visual Studio Solution File, Format Version 12.00
# Visual Studio Version 16
VisualStudioVersion = 16.0.28803.452
MinimumVisualStudioVersion = 10.0.40219.1
Project("{FAE04EC0-301F-11D3-BF4B-00C04F79EFBC}") = "FizBuzzFibb", "FizBuzzFibb\FizBuzzFibb.csproj", "{96E8617C-40AA-4F4E-AB1C-EADF08FA6DE4}"
EndProject
Global
	GlobalSection(SolutionConfigurationPlatforms) = preSolution
		Debug|Any CPU = Debug|Any CPU
		Release|Any CPU = Release|Any CPU
	EndGlobalSection
	GlobalSection(ProjectConfigurationPlatforms) = postSolution
		{96E8617C-40AA-4F4E-AB1C-EADF08FA6DE4}.Debug|Any CPU.ActiveCfg = Release|Any CPU
		{96E8617C-40AA-4F4E-AB1C-EADF08FA6DE4}.Debug|Any CPU.Build.0 = Release|Any CPU
		{96E8617C-40AA-4F4E-AB1C-EADF08FA6DE4}.Release|Any CPU.ActiveCfg = Release|Any CPU
		{96E8617C-40AA-4F4E-AB1C-EADF08FA6DE4}.Release|Any CPU.Build.0 = Release|Any CPU
	EndGlobalSection
	GlobalSection(SolutionProperties) = preSolution
		HideSolutionNode = FALSE
	EndGlobalSection
	GlobalSection(ExtensibilityGlobals) = postSolution
		SolutionGuid = {2A35F335-F52D-4EAE-BD35-F50CD97A6211}
	EndGlobalSection
EndGlobal
